
Microsoft Visual Studio Solution File, Format Version 12.00
# Visual Studio Version 17
VisualStudioVersion = 17.10.35027.167
MinimumVisualStudioVersion = 10.0.40219.1
Project("{FAE04EC0-301F-11D3-BF4B-00C04F79EFBC}") = "apiJsonWithFlutter", "apiJsonWithFlutter\apiJsonWithFlutter.csproj", "{D54F7782-C590-4216-8F3D-7302C3344223}"
EndProject
Global
	GlobalSection(SolutionConfigurationPlatforms) = preSolution
		Debug|Any CPU = Debug|Any CPU
		Release|Any CPU = Release|Any CPU
	EndGlobalSection
	GlobalSection(ProjectConfigurationPlatforms) = postSolution
		{D54F7782-C590-4216-8F3D-7302C3344223}.Debug|Any CPU.ActiveCfg = Debug|Any CPU
		{D54F7782-C590-4216-8F3D-7302C3344223}.Debug|Any CPU.Build.0 = Debug|Any CPU
		{D54F7782-C590-4216-8F3D-7302C3344223}.Release|Any CPU.ActiveCfg = Release|Any CPU
		{D54F7782-C590-4216-8F3D-7302C3344223}.Release|Any CPU.Build.0 = Release|Any CPU
	EndGlobalSection
	GlobalSection(SolutionProperties) = preSolution
		HideSolutionNode = FALSE
	EndGlobalSection
	GlobalSection(ExtensibilityGlobals) = postSolution
		SolutionGuid = {293C41C3-F808-4779-A953-E0BE22071D55}
	EndGlobalSection
EndGlobal
